
Microsoft Visual Studio Solution File, Format Version 12.00
# Visual Studio Version 17
VisualStudioVersion = 17.7.34221.43
MinimumVisualStudioVersion = 10.0.40219.1
Project("{9A19103F-16F7-4668-BE54-9A1E7A4F7556}") = "PTLab2_api", "PTLab2_api\PTLab2_api.csproj", "{F0F096D7-AE46-47DC-BB25-30447C86278B}"
EndProject
Project("{FAE04EC0-301F-11D3-BF4B-00C04F79EFBC}") = "PTLab2_api.Tests", "PTLab2_api.Tests\PTLab2_api.Tests.csproj", "{DDAC52D8-538B-4B74-B965-FC58ADB1D731}"
EndProject
Global
	GlobalSection(SolutionConfigurationPlatforms) = preSolution
		Debug|Any CPU = Debug|Any CPU
		Release|Any CPU = Release|Any CPU
	EndGlobalSection
	GlobalSection(ProjectConfigurationPlatforms) = postSolution
		{F0F096D7-AE46-47DC-BB25-30447C86278B}.Debug|Any CPU.ActiveCfg = Debug|Any CPU
		{F0F096D7-AE46-47DC-BB25-30447C86278B}.Debug|Any CPU.Build.0 = Debug|Any CPU
		{F0F096D7-AE46-47DC-BB25-30447C86278B}.Release|Any CPU.ActiveCfg = Release|Any CPU
		{F0F096D7-AE46-47DC-BB25-30447C86278B}.Release|Any CPU.Build.0 = Release|Any CPU
		{DDAC52D8-538B-4B74-B965-FC58ADB1D731}.Debug|Any CPU.ActiveCfg = Debug|Any CPU
		{DDAC52D8-538B-4B74-B965-FC58ADB1D731}.Debug|Any CPU.Build.0 = Debug|Any CPU
		{DDAC52D8-538B-4B74-B965-FC58ADB1D731}.Release|Any CPU.ActiveCfg = Release|Any CPU
		{DDAC52D8-538B-4B74-B965-FC58ADB1D731}.Release|Any CPU.Build.0 = Release|Any CPU
	EndGlobalSection
	GlobalSection(SolutionProperties) = preSolution
		HideSolutionNode = FALSE
	EndGlobalSection
	GlobalSection(ExtensibilityGlobals) = postSolution
		SolutionGuid = {3B2843DF-3555-4BCF-AABF-001BF486BA37}
	EndGlobalSection
EndGlobal
